
Microsoft Visual Studio Solution File, Format Version 12.00
# Visual Studio 2013
VisualStudioVersion = 12.0.31101.0
MinimumVisualStudioVersion = 10.0.40219.1
Project("{FAE04EC0-301F-11D3-BF4B-00C04F79EFBC}") = "Chatter", "Chatter\Chatter.csproj", "{949BAF08-7D1C-4B02-B8FF-089B6876650A}"
EndProject
Global
	GlobalSection(SolutionConfigurationPlatforms) = preSolution
		Debug|Any CPU = Debug|Any CPU
		Release|Any CPU = Release|Any CPU
	EndGlobalSection
	GlobalSection(ProjectConfigurationPlatforms) = postSolution
		{949BAF08-7D1C-4B02-B8FF-089B6876650A}.Debug|Any CPU.ActiveCfg = Debug|Any CPU
		{949BAF08-7D1C-4B02-B8FF-089B6876650A}.Debug|Any CPU.Build.0 = Debug|Any CPU
		{949BAF08-7D1C-4B02-B8FF-089B6876650A}.Release|Any CPU.ActiveCfg = Release|Any CPU
		{949BAF08-7D1C-4B02-B8FF-089B6876650A}.Release|Any CPU.Build.0 = Release|Any CPU
	EndGlobalSection
	GlobalSection(SolutionProperties) = preSolution
		HideSolutionNode = FALSE
	EndGlobalSection
EndGlobal
